
Microsoft Visual Studio Solution File, Format Version 12.00
# Visual Studio Version 16
VisualStudioVersion = 16.0.30611.23
MinimumVisualStudioVersion = 10.0.40219.1
Project("{9A19103F-16F7-4668-BE54-9A1E7A4F7556}") = "WikEpub", "WikEpub\WikEpub.csproj", "{D1A25705-D211-42C3-AED3-38C5EF23868C}"
EndProject
Project("{9A19103F-16F7-4668-BE54-9A1E7A4F7556}") = "ConsoleTester", "ConsoleTester\ConsoleTester.csproj", "{653F9136-2848-439B-9866-E052B01CECAC}"
EndProject
Global
	GlobalSection(SolutionConfigurationPlatforms) = preSolution
		Debug|Any CPU = Debug|Any CPU
		Release|Any CPU = Release|Any CPU
	EndGlobalSection
	GlobalSection(ProjectConfigurationPlatforms) = postSolution
		{D1A25705-D211-42C3-AED3-38C5EF23868C}.Debug|Any CPU.ActiveCfg = Debug|Any CPU
		{D1A25705-D211-42C3-AED3-38C5EF23868C}.Debug|Any CPU.Build.0 = Debug|Any CPU
		{D1A25705-D211-42C3-AED3-38C5EF23868C}.Release|Any CPU.ActiveCfg = Release|Any CPU
		{D1A25705-D211-42C3-AED3-38C5EF23868C}.Release|Any CPU.Build.0 = Release|Any CPU
		{653F9136-2848-439B-9866-E052B01CECAC}.Debug|Any CPU.ActiveCfg = Debug|Any CPU
		{653F9136-2848-439B-9866-E052B01CECAC}.Debug|Any CPU.Build.0 = Debug|Any CPU
		{653F9136-2848-439B-9866-E052B01CECAC}.Release|Any CPU.ActiveCfg = Release|Any CPU
		{653F9136-2848-439B-9866-E052B01CECAC}.Release|Any CPU.Build.0 = Release|Any CPU
	EndGlobalSection
	GlobalSection(SolutionProperties) = preSolution
		HideSolutionNode = FALSE
	EndGlobalSection
	GlobalSection(ExtensibilityGlobals) = postSolution
		SolutionGuid = {326D743B-5D8A-4F69-A3A2-1D376714E409}
	EndGlobalSection
EndGlobal
